<?xml version="1.0" encoding="utf-8"?>
<Project ToolsVersion="4.0" xmlns="http://schemas.microsoft.com/developer/msbuild/2003">
  <ItemGroup>
    <Filter Include="源文件">
      <UniqueIdentifier>{4FC737F1-C7A5-4376-A066-2A32D752A2FF}</UniqueIdentifier>
      <Extensions>cpp;c;cc;cxx;def;odl;idl;hpj;bat;asm;asmx</Extensions>
    </Filter>
    <Filter Include="头文件">
      <UniqueIdentifier>{93995380-89BD-4b04-88EB-625FBE52EBFB}</UniqueIdentifier>
      <Extensions>h;hh;hpp;hxx;hm;inl;inc;xsd</Extensions>
    </Filter>
    <Filter Include="资源文件">
      <UniqueIdentifier>{67DA6AB6-F800-4c08-8B7A-83BB121AAD01}</UniqueIdentifier>
      <Extensions>rc;ico;cur;bmp;dlg;rc2;rct;bin;rgs;gif;jpg;jpeg;jpe;resx;tiff;tif;png;wav;mfcribbon-ms</Extensions>
    </Filter>
    <Filter Include="源文件\luasrc">
      <UniqueIdentifier>{6f73b627-00a6-4c86-8a6a-e057de773a5e}</UniqueIdentifier>
    </Filter>
    <Filter Include="源文件\tolua">
      <UniqueIdentifier>{e2d231ad-7da0-409e-aa6b-1138a5c77006}</UniqueIdentifier>
    </Filter>
  </ItemGroup>
  <ItemGroup>
    <ClCompile Include="luasrc\loadlib.c">
      <Filter>源文件\luasrc</Filter>
    </ClCompile>
    <ClCompile Include="luasrc\lobject.c">
      <Filter>源文件\luasrc</Filter>
    </ClCompile>
    <ClCompile Include="luasrc\lopcodes.c">
      <Filter>源文件\luasrc</Filter>
    </ClCompile>
    <ClCompile Include="luasrc\loslib.c">
      <Filter>源文件\luasrc</Filter>
    </ClCompile>
    <ClCompile Include="luasrc\lparser.c">
      <Filter>源文件\luasrc</Filter>
    </ClCompile>
    <ClCompile Include="luasrc\lstate.c">
      <Filter>源文件\luasrc</Filter>
    </ClCompile>
    <ClCompile Include="luasrc\lstring.c">
      <Filter>源文件\luasrc</Filter>
    </ClCompile>
    <ClCompile Include="luasrc\lstrlib.c">
      <Filter>源文件\luasrc</Filter>
    </ClCompile>
    <ClCompile Include="luasrc\ltable.c">
      <Filter>源文件\luasrc</Filter>
    </ClCompile>
    <ClCompile Include="luasrc\ltablib.c">
      <Filter>源文件\luasrc</Filter>
    </ClCompile>
    <ClCompile Include="luasrc\ltm.c">
      <Filter>源文件\luasrc</Filter>
    </ClCompile>
    <ClCompile Include="luasrc\lua.c">
      <Filter>源文件\luasrc</Filter>
    </ClCompile>
    <ClCompile Include="luasrc\lundump.c">
      <Filter>源文件\luasrc</Filter>
    </ClCompile>
    <ClCompile Include="luasrc\lvm.c">
      <Filter>源文件\luasrc</Filter>
    </ClCompile>
    <ClCompile Include="luasrc\lzio.c">
      <Filter>源文件\luasrc</Filter>
    </ClCompile>
    <ClCompile Include="luasrc\print.c">
      <Filter>源文件\luasrc</Filter>
    </ClCompile>
    <ClCompile Include="luasrc\lapi.c">
      <Filter>源文件\luasrc</Filter>
    </ClCompile>
    <ClCompile Include="luasrc\lauxlib.c">
      <Filter>源文件\luasrc</Filter>
    </ClCompile>
    <ClCompile Include="luasrc\lbaselib.c">
      <Filter>源文件\luasrc</Filter>
    </ClCompile>
    <ClCompile Include="luasrc\lcode.c">
      <Filter>源文件\luasrc</Filter>
    </ClCompile>
    <ClCompile Include="luasrc\ldblib.c">
      <Filter>源文件\luasrc</Filter>
    </ClCompile>
    <ClCompile Include="luasrc\ldebug.c">
      <Filter>源文件\luasrc</Filter>
    </ClCompile>
    <ClCompile Include="luasrc\ldo.c">
      <Filter>源文件\luasrc</Filter>
    </ClCompile>
    <ClCompile Include="luasrc\ldump.c">
      <Filter>源文件\luasrc</Filter>
    </ClCompile>
    <ClCompile Include="luasrc\lfunc.c">
      <Filter>源文件\luasrc</Filter>
    </ClCompile>
    <ClCompile Include="luasrc\lgc.c">
      <Filter>源文件\luasrc</Filter>
    </ClCompile>
    <ClCompile Include="luasrc\linit.c">
      <Filter>源文件\luasrc</Filter>
    </ClCompile>
    <ClCompile Include="luasrc\liolib.c">
      <Filter>源文件\luasrc</Filter>
    </ClCompile>
    <ClCompile Include="luasrc\llex.c">
      <Filter>源文件\luasrc</Filter>
    </ClCompile>
    <ClCompile Include="luasrc\lmathlib.c">
      <Filter>源文件\luasrc</Filter>
    </ClCompile>
    <ClCompile Include="luasrc\lmem.c">
      <Filter>源文件\luasrc</Filter>
    </ClCompile>
    <ClCompile Include="tolua\bit.c">
      <Filter>源文件\tolua</Filter>
    </ClCompile>
    <ClCompile Include="tolua\int64.c">
      <Filter>源文件\tolua</Filter>
    </ClCompile>
    <ClCompile Include="tolua\lpeg.c">
      <Filter>源文件\tolua</Filter>
    </ClCompile>
    <ClCompile Include="tolua\struct.c">
      <Filter>源文件\tolua</Filter>
    </ClCompile>
    <ClCompile Include="tolua\tolua.c">
      <Filter>源文件\tolua</Filter>
    </ClCompile>
    <ClCompile Include="tolua\uint64.c">
      <Filter>源文件\tolua</Filter>
    </ClCompile>
  </ItemGroup>
  <ItemGroup>
    <ClInclude Include="luasrc\lobject.h">
      <Filter>源文件\luasrc</Filter>
    </ClInclude>
    <ClInclude Include="luasrc\lopcodes.h">
      <Filter>源文件\luasrc</Filter>
    </ClInclude>
    <ClInclude Include="luasrc\lparser.h">
      <Filter>源文件\luasrc</Filter>
    </ClInclude>
    <ClInclude Include="luasrc\lstate.h">
      <Filter>源文件\luasrc</Filter>
    </ClInclude>
    <ClInclude Include="luasrc\lstring.h">
      <Filter>源文件\luasrc</Filter>
    </ClInclude>
    <ClInclude Include="luasrc\ltable.h">
      <Filter>源文件\luasrc</Filter>
    </ClInclude>
    <ClInclude Include="luasrc\ltm.h">
      <Filter>源文件\luasrc</Filter>
    </ClInclude>
    <ClInclude Include="luasrc\lua.h">
      <Filter>源文件\luasrc</Filter>
    </ClInclude>
    <ClInclude Include="luasrc\luaconf.h">
      <Filter>源文件\luasrc</Filter>
    </ClInclude>
    <ClInclude Include="luasrc\lualib.h">
      <Filter>源文件\luasrc</Filter>
    </ClInclude>
    <ClInclude Include="luasrc\lundump.h">
      <Filter>源文件\luasrc</Filter>
    </ClInclude>
    <ClInclude Include="luasrc\lvm.h">
      <Filter>源文件\luasrc</Filter>
    </ClInclude>
    <ClInclude Include="luasrc\lzio.h">
      <Filter>源文件\luasrc</Filter>
    </ClInclude>
    <ClInclude Include="luasrc\lapi.h">
      <Filter>源文件\luasrc</Filter>
    </ClInclude>
    <ClInclude Include="luasrc\lauxlib.h">
      <Filter>源文件\luasrc</Filter>
    </ClInclude>
    <ClInclude Include="luasrc\lcode.h">
      <Filter>源文件\luasrc</Filter>
    </ClInclude>
    <ClInclude Include="luasrc\ldebug.h">
      <Filter>源文件\luasrc</Filter>
    </ClInclude>
    <ClInclude Include="luasrc\ldo.h">
      <Filter>源文件\luasrc</Filter>
    </ClInclude>
    <ClInclude Include="luasrc\lfunc.h">
      <Filter>源文件\luasrc</Filter>
    </ClInclude>
    <ClInclude Include="luasrc\lgc.h">
      <Filter>源文件\luasrc</Filter>
    </ClInclude>
    <ClInclude Include="luasrc\llex.h">
      <Filter>源文件\luasrc</Filter>
    </ClInclude>
    <ClInclude Include="luasrc\llimits.h">
      <Filter>源文件\luasrc</Filter>
    </ClInclude>
    <ClInclude Include="luasrc\lmem.h">
      <Filter>源文件\luasrc</Filter>
    </ClInclude>
    <ClInclude Include="tolua\lpeg.h">
      <Filter>源文件\tolua</Filter>
    </ClInclude>
    <ClInclude Include="tolua\tolua.h">
      <Filter>源文件\tolua</Filter>
    </ClInclude>
  </ItemGroup>
  <ItemGroup>
    <None Include="luasrc\Makefile">
      <Filter>源文件\luasrc</Filter>
    </None>
  </ItemGroup>
</Project>