<?xml version="1.0" encoding="utf-8"?>
<Project ToolsVersion="4.0" xmlns="http://schemas.microsoft.com/developer/msbuild/2003">
  <ItemGroup>
    <Filter Include="Source Files">
      <UniqueIdentifier>{4FC737F1-C7A5-4376-A066-2A32D752A2FF}</UniqueIdentifier>
      <Extensions>cpp;c;cc;cxx;def;odl;idl;hpj;bat;asm;asmx</Extensions>
    </Filter>
    <Filter Include="Header Files">
      <UniqueIdentifier>{93995380-89BD-4b04-88EB-625FBE52EBFB}</UniqueIdentifier>
      <Extensions>h;hh;hpp;hxx;hm;inl;inc;xsd</Extensions>
    </Filter>
    <Filter Include="Resource Files">
      <UniqueIdentifier>{67DA6AB6-F800-4c08-8B7A-83BB121AAD01}</UniqueIdentifier>
      <Extensions>rc;ico;cur;bmp;dlg;rc2;rct;bin;rgs;gif;jpg;jpeg;jpe;resx;tiff;tif;png;wav;mfcribbon-ms</Extensions>
    </Filter>
    <Filter Include="Source Files\luasrc">
      <UniqueIdentifier>{05c04669-27fe-4b9b-8114-482c7ca5efb2}</UniqueIdentifier>
    </Filter>
    <Filter Include="Source Files\custom">
      <UniqueIdentifier>{853cead5-f82a-42bf-82bb-35988c5d3322}</UniqueIdentifier>
    </Filter>
  </ItemGroup>
  <ItemGroup>
    <ClCompile Include="vector3.c">
      <Filter>Source Files\custom</Filter>
    </ClCompile>
    <ClCompile Include="luasrc\lbitlib.c">
      <Filter>Source Files\luasrc</Filter>
    </ClCompile>
    <ClCompile Include="luasrc\lcode.c">
      <Filter>Source Files\luasrc</Filter>
    </ClCompile>
    <ClCompile Include="luasrc\lcorolib.c">
      <Filter>Source Files\luasrc</Filter>
    </ClCompile>
    <ClCompile Include="luasrc\lctype.c">
      <Filter>Source Files\luasrc</Filter>
    </ClCompile>
    <ClCompile Include="luasrc\ldblib.c">
      <Filter>Source Files\luasrc</Filter>
    </ClCompile>
    <ClCompile Include="luasrc\ldebug.c">
      <Filter>Source Files\luasrc</Filter>
    </ClCompile>
    <ClCompile Include="luasrc\ldo.c">
      <Filter>Source Files\luasrc</Filter>
    </ClCompile>
    <ClCompile Include="luasrc\ldump.c">
      <Filter>Source Files\luasrc</Filter>
    </ClCompile>
    <ClCompile Include="luasrc\lfunc.c">
      <Filter>Source Files\luasrc</Filter>
    </ClCompile>
    <ClCompile Include="luasrc\lgc.c">
      <Filter>Source Files\luasrc</Filter>
    </ClCompile>
    <ClCompile Include="luasrc\linit.c">
      <Filter>Source Files\luasrc</Filter>
    </ClCompile>
    <ClCompile Include="luasrc\liolib.c">
      <Filter>Source Files\luasrc</Filter>
    </ClCompile>
    <ClCompile Include="luasrc\llex.c">
      <Filter>Source Files\luasrc</Filter>
    </ClCompile>
    <ClCompile Include="luasrc\lmathlib.c">
      <Filter>Source Files\luasrc</Filter>
    </ClCompile>
    <ClCompile Include="luasrc\lmem.c">
      <Filter>Source Files\luasrc</Filter>
    </ClCompile>
    <ClCompile Include="luasrc\loadlib.c">
      <Filter>Source Files\luasrc</Filter>
    </ClCompile>
    <ClCompile Include="luasrc\lobject.c">
      <Filter>Source Files\luasrc</Filter>
    </ClCompile>
    <ClCompile Include="luasrc\lopcodes.c">
      <Filter>Source Files\luasrc</Filter>
    </ClCompile>
    <ClCompile Include="luasrc\loslib.c">
      <Filter>Source Files\luasrc</Filter>
    </ClCompile>
    <ClCompile Include="luasrc\lparser.c">
      <Filter>Source Files\luasrc</Filter>
    </ClCompile>
    <ClCompile Include="luasrc\lstate.c">
      <Filter>Source Files\luasrc</Filter>
    </ClCompile>
    <ClCompile Include="luasrc\lstring.c">
      <Filter>Source Files\luasrc</Filter>
    </ClCompile>
    <ClCompile Include="luasrc\lstrlib.c">
      <Filter>Source Files\luasrc</Filter>
    </ClCompile>
    <ClCompile Include="luasrc\ltable.c">
      <Filter>Source Files\luasrc</Filter>
    </ClCompile>
    <ClCompile Include="luasrc\ltablib.c">
      <Filter>Source Files\luasrc</Filter>
    </ClCompile>
    <ClCompile Include="luasrc\ltm.c">
      <Filter>Source Files\luasrc</Filter>
    </ClCompile>
    <ClCompile Include="luasrc\lua.c">
      <Filter>Source Files\luasrc</Filter>
    </ClCompile>
    <ClCompile Include="luasrc\lundump.c">
      <Filter>Source Files\luasrc</Filter>
    </ClCompile>
    <ClCompile Include="luasrc\lutf8lib.c">
      <Filter>Source Files\luasrc</Filter>
    </ClCompile>
    <ClCompile Include="luasrc\lvm.c">
      <Filter>Source Files\luasrc</Filter>
    </ClCompile>
    <ClCompile Include="luasrc\lzio.c">
      <Filter>Source Files\luasrc</Filter>
    </ClCompile>
    <ClCompile Include="luasrc\lapi.c">
      <Filter>Source Files\luasrc</Filter>
    </ClCompile>
    <ClCompile Include="luasrc\lauxlib.c">
      <Filter>Source Files\luasrc</Filter>
    </ClCompile>
    <ClCompile Include="luasrc\lbaselib.c">
      <Filter>Source Files\luasrc</Filter>
    </ClCompile>
  </ItemGroup>
  <ItemGroup>
    <None Include="..\lua5.3.5\src\Makefile">
      <Filter>Source Files</Filter>
    </None>
    <None Include="luasrc\Makefile">
      <Filter>Source Files\luasrc</Filter>
    </None>
  </ItemGroup>
  <ItemGroup>
    <ClInclude Include="luasrc\lcode.h">
      <Filter>Source Files\luasrc</Filter>
    </ClInclude>
    <ClInclude Include="luasrc\lctype.h">
      <Filter>Source Files\luasrc</Filter>
    </ClInclude>
    <ClInclude Include="luasrc\ldebug.h">
      <Filter>Source Files\luasrc</Filter>
    </ClInclude>
    <ClInclude Include="luasrc\ldo.h">
      <Filter>Source Files\luasrc</Filter>
    </ClInclude>
    <ClInclude Include="luasrc\lfunc.h">
      <Filter>Source Files\luasrc</Filter>
    </ClInclude>
    <ClInclude Include="luasrc\lgc.h">
      <Filter>Source Files\luasrc</Filter>
    </ClInclude>
    <ClInclude Include="luasrc\llex.h">
      <Filter>Source Files\luasrc</Filter>
    </ClInclude>
    <ClInclude Include="luasrc\llimits.h">
      <Filter>Source Files\luasrc</Filter>
    </ClInclude>
    <ClInclude Include="luasrc\lmem.h">
      <Filter>Source Files\luasrc</Filter>
    </ClInclude>
    <ClInclude Include="luasrc\lobject.h">
      <Filter>Source Files\luasrc</Filter>
    </ClInclude>
    <ClInclude Include="luasrc\lopcodes.h">
      <Filter>Source Files\luasrc</Filter>
    </ClInclude>
    <ClInclude Include="luasrc\lparser.h">
      <Filter>Source Files\luasrc</Filter>
    </ClInclude>
    <ClInclude Include="luasrc\lprefix.h">
      <Filter>Source Files\luasrc</Filter>
    </ClInclude>
    <ClInclude Include="luasrc\lstate.h">
      <Filter>Source Files\luasrc</Filter>
    </ClInclude>
    <ClInclude Include="luasrc\lstring.h">
      <Filter>Source Files\luasrc</Filter>
    </ClInclude>
    <ClInclude Include="luasrc\ltable.h">
      <Filter>Source Files\luasrc</Filter>
    </ClInclude>
    <ClInclude Include="luasrc\ltm.h">
      <Filter>Source Files\luasrc</Filter>
    </ClInclude>
    <ClInclude Include="luasrc\lua.h">
      <Filter>Source Files\luasrc</Filter>
    </ClInclude>
    <ClInclude Include="luasrc\lua.hpp">
      <Filter>Source Files\luasrc</Filter>
    </ClInclude>
    <ClInclude Include="luasrc\luaconf.h">
      <Filter>Source Files\luasrc</Filter>
    </ClInclude>
    <ClInclude Include="luasrc\lualib.h">
      <Filter>Source Files\luasrc</Filter>
    </ClInclude>
    <ClInclude Include="luasrc\lundump.h">
      <Filter>Source Files\luasrc</Filter>
    </ClInclude>
    <ClInclude Include="luasrc\lvm.h">
      <Filter>Source Files\luasrc</Filter>
    </ClInclude>
    <ClInclude Include="luasrc\lzio.h">
      <Filter>Source Files\luasrc</Filter>
    </ClInclude>
    <ClInclude Include="luasrc\lapi.h">
      <Filter>Source Files\luasrc</Filter>
    </ClInclude>
    <ClInclude Include="luasrc\lauxlib.h">
      <Filter>Source Files\luasrc</Filter>
    </ClInclude>
  </ItemGroup>
</Project>