
Microsoft Visual Studio Solution File, Format Version 12.00
# Visual Studio 15
VisualStudioVersion = 15.0.28307.489
MinimumVisualStudioVersion = 10.0.40219.1
Project("{8BC9CEB8-8B4A-11D0-8D11-00A0C91BC942}") = "originLua5.3.4", "originLua5.3.4\originLua5.3.4.vcxproj", "{B51E785E-7514-456B-8C4E-D056BBB15669}"
EndProject
Global
	GlobalSection(SolutionConfigurationPlatforms) = preSolution
		Debug|x64 = Debug|x64
		Debug|x86 = Debug|x86
		Release|x64 = Release|x64
		Release|x86 = Release|x86
	EndGlobalSection
	GlobalSection(ProjectConfigurationPlatforms) = postSolution
		{B51E785E-7514-456B-8C4E-D056BBB15669}.Debug|x64.ActiveCfg = Debug|x64
		{B51E785E-7514-456B-8C4E-D056BBB15669}.Debug|x64.Build.0 = Debug|x64
		{B51E785E-7514-456B-8C4E-D056BBB15669}.Debug|x86.ActiveCfg = Debug|Win32
		{B51E785E-7514-456B-8C4E-D056BBB15669}.Debug|x86.Build.0 = Debug|Win32
		{B51E785E-7514-456B-8C4E-D056BBB15669}.Release|x64.ActiveCfg = Release|x64
		{B51E785E-7514-456B-8C4E-D056BBB15669}.Release|x64.Build.0 = Release|x64
		{B51E785E-7514-456B-8C4E-D056BBB15669}.Release|x86.ActiveCfg = Release|Win32
		{B51E785E-7514-456B-8C4E-D056BBB15669}.Release|x86.Build.0 = Release|Win32
	EndGlobalSection
	GlobalSection(SolutionProperties) = preSolution
		HideSolutionNode = FALSE
	EndGlobalSection
	GlobalSection(ExtensibilityGlobals) = postSolution
		SolutionGuid = {09825070-441D-4216-BBD3-98435557C7A7}
	EndGlobalSection
EndGlobal
